
Microsoft Visual Studio Solution File, Format Version 12.00
# Visual Studio Version 16
VisualStudioVersion = 16.0.31019.35
MinimumVisualStudioVersion = 10.0.40219.1
Project("{9A19103F-16F7-4668-BE54-9A1E7A4F7556}") = "StringCalculator", "StringCalculator.csproj", "{942549C5-EF06-4D91-9069-9DC98860AF81}"
EndProject
Project("{FAE04EC0-301F-11D3-BF4B-00C04F79EFBC}") = "StringCalculator.Tests", "..\StringCalculator.Tests\StringCalculator.Tests.csproj", "{7E7638FC-1EE3-4067-8AC3-77195EA03817}"
EndProject
Global
	GlobalSection(SolutionConfigurationPlatforms) = preSolution
		Debug|Any CPU = Debug|Any CPU
		Release|Any CPU = Release|Any CPU
	EndGlobalSection
	GlobalSection(ProjectConfigurationPlatforms) = postSolution
		{942549C5-EF06-4D91-9069-9DC98860AF81}.Debug|Any CPU.ActiveCfg = Debug|Any CPU
		{942549C5-EF06-4D91-9069-9DC98860AF81}.Debug|Any CPU.Build.0 = Debug|Any CPU
		{942549C5-EF06-4D91-9069-9DC98860AF81}.Release|Any CPU.ActiveCfg = Release|Any CPU
		{942549C5-EF06-4D91-9069-9DC98860AF81}.Release|Any CPU.Build.0 = Release|Any CPU
		{7E7638FC-1EE3-4067-8AC3-77195EA03817}.Debug|Any CPU.ActiveCfg = Debug|Any CPU
		{7E7638FC-1EE3-4067-8AC3-77195EA03817}.Debug|Any CPU.Build.0 = Debug|Any CPU
		{7E7638FC-1EE3-4067-8AC3-77195EA03817}.Release|Any CPU.ActiveCfg = Release|Any CPU
		{7E7638FC-1EE3-4067-8AC3-77195EA03817}.Release|Any CPU.Build.0 = Release|Any CPU
	EndGlobalSection
	GlobalSection(SolutionProperties) = preSolution
		HideSolutionNode = FALSE
	EndGlobalSection
	GlobalSection(ExtensibilityGlobals) = postSolution
		SolutionGuid = {60F14B5B-C31B-4AEC-92E4-CEF3E9BDFD20}
	EndGlobalSection
EndGlobal
